
Microsoft Visual Studio Solution File, Format Version 12.00
# Visual Studio Version 16
VisualStudioVersion = 16.0.29728.190
MinimumVisualStudioVersion = 10.0.40219.1
Project("{8BC9CEB8-8B4A-11D0-8D11-00A0C91BC942}") = "Exercise 19", "Exercise 19\Exercise 19.vcxproj", "{C5BAB767-C186-4068-8BD6-D8B13448F523}"
EndProject
Global
	GlobalSection(SolutionConfigurationPlatforms) = preSolution
		Debug|x64 = Debug|x64
		Debug|x86 = Debug|x86
		Release|x64 = Release|x64
		Release|x86 = Release|x86
	EndGlobalSection
	GlobalSection(ProjectConfigurationPlatforms) = postSolution
		{C5BAB767-C186-4068-8BD6-D8B13448F523}.Debug|x64.ActiveCfg = Debug|x64
		{C5BAB767-C186-4068-8BD6-D8B13448F523}.Debug|x64.Build.0 = Debug|x64
		{C5BAB767-C186-4068-8BD6-D8B13448F523}.Debug|x86.ActiveCfg = Debug|Win32
		{C5BAB767-C186-4068-8BD6-D8B13448F523}.Debug|x86.Build.0 = Debug|Win32
		{C5BAB767-C186-4068-8BD6-D8B13448F523}.Release|x64.ActiveCfg = Release|x64
		{C5BAB767-C186-4068-8BD6-D8B13448F523}.Release|x64.Build.0 = Release|x64
		{C5BAB767-C186-4068-8BD6-D8B13448F523}.Release|x86.ActiveCfg = Release|Win32
		{C5BAB767-C186-4068-8BD6-D8B13448F523}.Release|x86.Build.0 = Release|Win32
	EndGlobalSection
	GlobalSection(SolutionProperties) = preSolution
		HideSolutionNode = FALSE
	EndGlobalSection
	GlobalSection(ExtensibilityGlobals) = postSolution
		SolutionGuid = {1639A23E-0C11-46D5-9A5D-6961AF3A766F}
	EndGlobalSection
EndGlobal
