
Microsoft Visual Studio Solution File, Format Version 12.00
# Visual Studio Version 16
VisualStudioVersion = 16.0.30804.86
MinimumVisualStudioVersion = 10.0.40219.1
Project("{FAE04EC0-301F-11D3-BF4B-00C04F79EFBC}") = "Exercise 4- EulersMethod", "Exercise 4- EulersMethod.csproj", "{9E4342FF-FC5E-4B74-973F-5F3640112F80}"
EndProject
Global
	GlobalSection(SolutionConfigurationPlatforms) = preSolution
		Debug|Any CPU = Debug|Any CPU
		Release|Any CPU = Release|Any CPU
	EndGlobalSection
	GlobalSection(ProjectConfigurationPlatforms) = postSolution
		{9E4342FF-FC5E-4B74-973F-5F3640112F80}.Debug|Any CPU.ActiveCfg = Debug|Any CPU
		{9E4342FF-FC5E-4B74-973F-5F3640112F80}.Debug|Any CPU.Build.0 = Debug|Any CPU
		{9E4342FF-FC5E-4B74-973F-5F3640112F80}.Release|Any CPU.ActiveCfg = Release|Any CPU
		{9E4342FF-FC5E-4B74-973F-5F3640112F80}.Release|Any CPU.Build.0 = Release|Any CPU
	EndGlobalSection
	GlobalSection(SolutionProperties) = preSolution
		HideSolutionNode = FALSE
	EndGlobalSection
	GlobalSection(ExtensibilityGlobals) = postSolution
		SolutionGuid = {149DB5E1-7C5F-4C40-8108-2B6DDAC0709D}
	EndGlobalSection
EndGlobal
