
Microsoft Visual Studio Solution File, Format Version 12.00
# Visual Studio Version 16
VisualStudioVersion = 16.0.29709.97
MinimumVisualStudioVersion = 10.0.40219.1
Project("{8BC9CEB8-8B4A-11D0-8D11-00A0C91BC942}") = "Practice Exercise", "Practice Exercise\Practice Exercise.vcxproj", "{9B65BB24-52DD-478F-86F3-B018C954421A}"
EndProject
Global
	GlobalSection(SolutionConfigurationPlatforms) = preSolution
		Debug|x64 = Debug|x64
		Debug|x86 = Debug|x86
		Release|x64 = Release|x64
		Release|x86 = Release|x86
	EndGlobalSection
	GlobalSection(ProjectConfigurationPlatforms) = postSolution
		{9B65BB24-52DD-478F-86F3-B018C954421A}.Debug|x64.ActiveCfg = Debug|x64
		{9B65BB24-52DD-478F-86F3-B018C954421A}.Debug|x64.Build.0 = Debug|x64
		{9B65BB24-52DD-478F-86F3-B018C954421A}.Debug|x86.ActiveCfg = Debug|Win32
		{9B65BB24-52DD-478F-86F3-B018C954421A}.Debug|x86.Build.0 = Debug|Win32
		{9B65BB24-52DD-478F-86F3-B018C954421A}.Release|x64.ActiveCfg = Release|x64
		{9B65BB24-52DD-478F-86F3-B018C954421A}.Release|x64.Build.0 = Release|x64
		{9B65BB24-52DD-478F-86F3-B018C954421A}.Release|x86.ActiveCfg = Release|Win32
		{9B65BB24-52DD-478F-86F3-B018C954421A}.Release|x86.Build.0 = Release|Win32
	EndGlobalSection
	GlobalSection(SolutionProperties) = preSolution
		HideSolutionNode = FALSE
	EndGlobalSection
	GlobalSection(ExtensibilityGlobals) = postSolution
		SolutionGuid = {AAB69C25-C0CF-44C3-B35F-E35B8F84805E}
	EndGlobalSection
EndGlobal
