
Microsoft Visual Studio Solution File, Format Version 12.00
# Visual Studio Version 16
VisualStudioVersion = 16.0.29911.84
MinimumVisualStudioVersion = 10.0.40219.1
Project("{8BC9CEB8-8B4A-11D0-8D11-00A0C91BC942}") = "Structures", "Structures\Structures.vcxproj", "{997C5856-F5F3-4311-BEBA-B1F3948D66F9}"
EndProject
Global
	GlobalSection(SolutionConfigurationPlatforms) = preSolution
		Debug|x64 = Debug|x64
		Debug|x86 = Debug|x86
		Release|x64 = Release|x64
		Release|x86 = Release|x86
	EndGlobalSection
	GlobalSection(ProjectConfigurationPlatforms) = postSolution
		{997C5856-F5F3-4311-BEBA-B1F3948D66F9}.Debug|x64.ActiveCfg = Debug|x64
		{997C5856-F5F3-4311-BEBA-B1F3948D66F9}.Debug|x64.Build.0 = Debug|x64
		{997C5856-F5F3-4311-BEBA-B1F3948D66F9}.Debug|x86.ActiveCfg = Debug|Win32
		{997C5856-F5F3-4311-BEBA-B1F3948D66F9}.Debug|x86.Build.0 = Debug|Win32
		{997C5856-F5F3-4311-BEBA-B1F3948D66F9}.Release|x64.ActiveCfg = Release|x64
		{997C5856-F5F3-4311-BEBA-B1F3948D66F9}.Release|x64.Build.0 = Release|x64
		{997C5856-F5F3-4311-BEBA-B1F3948D66F9}.Release|x86.ActiveCfg = Release|Win32
		{997C5856-F5F3-4311-BEBA-B1F3948D66F9}.Release|x86.Build.0 = Release|Win32
	EndGlobalSection
	GlobalSection(SolutionProperties) = preSolution
		HideSolutionNode = FALSE
	EndGlobalSection
	GlobalSection(ExtensibilityGlobals) = postSolution
		SolutionGuid = {7E1A4015-6E14-4D90-9502-CEEEE99EDD27}
	EndGlobalSection
EndGlobal
