
Microsoft Visual Studio Solution File, Format Version 12.00
# Visual Studio Version 16
VisualStudioVersion = 16.0.29911.84
MinimumVisualStudioVersion = 10.0.40219.1
Project("{8BC9CEB8-8B4A-11D0-8D11-00A0C91BC942}") = "Exercise 69", "Exercise 69\Exercise 69.vcxproj", "{2E163A88-2729-4EB2-A89F-A68F31599D38}"
EndProject
Global
	GlobalSection(SolutionConfigurationPlatforms) = preSolution
		Debug|x64 = Debug|x64
		Debug|x86 = Debug|x86
		Release|x64 = Release|x64
		Release|x86 = Release|x86
	EndGlobalSection
	GlobalSection(ProjectConfigurationPlatforms) = postSolution
		{2E163A88-2729-4EB2-A89F-A68F31599D38}.Debug|x64.ActiveCfg = Debug|x64
		{2E163A88-2729-4EB2-A89F-A68F31599D38}.Debug|x64.Build.0 = Debug|x64
		{2E163A88-2729-4EB2-A89F-A68F31599D38}.Debug|x86.ActiveCfg = Debug|Win32
		{2E163A88-2729-4EB2-A89F-A68F31599D38}.Debug|x86.Build.0 = Debug|Win32
		{2E163A88-2729-4EB2-A89F-A68F31599D38}.Release|x64.ActiveCfg = Release|x64
		{2E163A88-2729-4EB2-A89F-A68F31599D38}.Release|x64.Build.0 = Release|x64
		{2E163A88-2729-4EB2-A89F-A68F31599D38}.Release|x86.ActiveCfg = Release|Win32
		{2E163A88-2729-4EB2-A89F-A68F31599D38}.Release|x86.Build.0 = Release|Win32
	EndGlobalSection
	GlobalSection(SolutionProperties) = preSolution
		HideSolutionNode = FALSE
	EndGlobalSection
	GlobalSection(ExtensibilityGlobals) = postSolution
		SolutionGuid = {DCC0D355-EE9E-4861-89D8-D8EB61207FF5}
	EndGlobalSection
EndGlobal
