
Microsoft Visual Studio Solution File, Format Version 12.00
# Visual Studio Version 16
VisualStudioVersion = 16.0.30804.86
MinimumVisualStudioVersion = 10.0.40219.1
Project("{FAE04EC0-301F-11D3-BF4B-00C04F79EFBC}") = "Learning About Shapes", "Learning About Shapes.csproj", "{094945F2-B4B2-409F-96DB-BDB95D6B7DBD}"
EndProject
Global
	GlobalSection(SolutionConfigurationPlatforms) = preSolution
		Debug|Any CPU = Debug|Any CPU
		Release|Any CPU = Release|Any CPU
	EndGlobalSection
	GlobalSection(ProjectConfigurationPlatforms) = postSolution
		{094945F2-B4B2-409F-96DB-BDB95D6B7DBD}.Debug|Any CPU.ActiveCfg = Debug|Any CPU
		{094945F2-B4B2-409F-96DB-BDB95D6B7DBD}.Debug|Any CPU.Build.0 = Debug|Any CPU
		{094945F2-B4B2-409F-96DB-BDB95D6B7DBD}.Release|Any CPU.ActiveCfg = Release|Any CPU
		{094945F2-B4B2-409F-96DB-BDB95D6B7DBD}.Release|Any CPU.Build.0 = Release|Any CPU
	EndGlobalSection
	GlobalSection(SolutionProperties) = preSolution
		HideSolutionNode = FALSE
	EndGlobalSection
	GlobalSection(ExtensibilityGlobals) = postSolution
		SolutionGuid = {7A85CD07-EFAE-4602-BD5B-2F737D7AF001}
	EndGlobalSection
EndGlobal
